# Generated for CPython 3.9.6 on macOS arm64. Install with:
# python3 -m pip install --require-hashes --only-binary=:all: -r requirements.lock
ruamel.yaml==0.18.14 \
    --hash=sha256:710ff198bb53da66718c7db27eec4fbcc9aa6ca7204e4c1df2f282b6fe5eb6b2
ruamel.yaml.clib==0.2.15 \
    --hash=sha256:dcc7f3162d3711fd5d52e2267e44636e3e566d1e5675a5f0b30e98f2c4af7974
